// !$*UTF8*$!
{
	archiveVersion = 1;
	classes = {
	};
	objectVersion = 46;
	objects = {

/* Begin PBXBuildFile section */
		3B0DC8F020F085D4001DE6DC /* AwsAPI.swift in Sources */ = {isa = PBXBuildFile; fileRef = 3B0DC8EF20F085D4001DE6DC /* AwsAPI.swift */; };
		3B0DC8F620F0AA8F001DE6DC /* ImageResponse.swift in Sources */ = {isa = PBXBuildFile; fileRef = 3B0DC8F520F0AA8F001DE6DC /* ImageResponse.swift */; };
		3B0DC99920BBF76700A5D274 /* DetailBuzzlerPost.swift in Sources */ = {isa = PBXBuildFile; fileRef = 3B0DC99820BBF76700A5D274 /* DetailBuzzlerPost.swift */; };
		3B142A9C2106C4A100CE7E7A /* Author.swift in Sources */ = {isa = PBXBuildFile; fileRef = 3B142A9B2106C4A100CE7E7A /* Author.swift */; };
		3B1CBD0320AA9EB60018D156 /* SelectMajorViewController.swift in Sources */ = {isa = PBXBuildFile; fileRef = 3B1CBD0220AA9EB60018D156 /* SelectMajorViewController.swift */; };
		3B1CBD0520AAC8770018D156 /* SelectMajorViewModel.swift in Sources */ = {isa = PBXBuildFile; fileRef = 3B1CBD0420AAC8770018D156 /* SelectMajorViewModel.swift */; };
		3B2A42B220AEADA300E37D72 /* ResetPasswordRouter.swift in Sources */ = {isa = PBXBuildFile; fileRef = 3B2A42B120AEADA300E37D72 /* ResetPasswordRouter.swift */; };
		3B2A42B820B140C000E37D72 /* MyPageViewController.swift in Sources */ = {isa = PBXBuildFile; fileRef = 3B2A42B720B140C000E37D72 /* MyPageViewController.swift */; };
		3B2A42BB20B14D0100E37D72 /* SettingsViewController.swift in Sources */ = {isa = PBXBuildFile; fileRef = 3B2A42BA20B14D0100E37D72 /* SettingsViewController.swift */; };
		3B2E9C472107111B00132C74 /* WaitUnivViewController.swift in Sources */ = {isa = PBXBuildFile; fileRef = 3B2E9C452107111B00132C74 /* WaitUnivViewController.swift */; };
		3B2E9C482107111B00132C74 /* WaitUnivViewController.xib in Resources */ = {isa = PBXBuildFile; fileRef = 3B2E9C462107111B00132C74 /* WaitUnivViewController.xib */; };
		3B2E9C4B2109B06B00132C74 /* AppLogoView.swift in Sources */ = {isa = PBXBuildFile; fileRef = 3B2E9C4A2109B06B00132C74 /* AppLogoView.swift */; };
		3B2E9C4D2109B07A00132C74 /* AppLogoView.xib in Resources */ = {isa = PBXBuildFile; fileRef = 3B2E9C4C2109B07A00132C74 /* AppLogoView.xib */; };
		3B48A9BD20B2A30700E0BDA1 /* SelectUnivViewController.swift in Sources */ = {isa = PBXBuildFile; fileRef = 3B48A9BC20B2A30700E0BDA1 /* SelectUnivViewController.swift */; };
		3B48A9BF20B2A37100E0BDA1 /* SelectUnivViewModel.swift in Sources */ = {isa = PBXBuildFile; fileRef = 3B48A9BE20B2A37100E0BDA1 /* SelectUnivViewModel.swift */; };
		3B48A9C420B2B27F00E0BDA1 /* University.swift in Sources */ = {isa = PBXBuildFile; fileRef = 3B48A9C320B2B27F00E0BDA1 /* University.swift */; };
		3B48A9CA20B5498700E0BDA1 /* UserInfo.swift in Sources */ = {isa = PBXBuildFile; fileRef = 3B48A9C920B5498700E0BDA1 /* UserInfo.swift */; };
		3B48A9CC20B549A700E0BDA1 /* MajorInfo.swift in Sources */ = {isa = PBXBuildFile; fileRef = 3B48A9CB20B549A700E0BDA1 /* MajorInfo.swift */; };
		3B48A9CE20B54FDF00E0BDA1 /* Environment.swift in Sources */ = {isa = PBXBuildFile; fileRef = 3B48A9CD20B54FDF00E0BDA1 /* Environment.swift */; };
		3B51CCD020C252CA0087BFF5 /* ReCommentTableViewCell.swift in Sources */ = {isa = PBXBuildFile; fileRef = 3B51CCCE20C252CA0087BFF5 /* ReCommentTableViewCell.swift */; };
		3B51CCD120C252CA0087BFF5 /* ReCommentTableViewCell.xib in Resources */ = {isa = PBXBuildFile; fileRef = 3B51CCCF20C252CA0087BFF5 /* ReCommentTableViewCell.xib */; };
		3B52E6BF20AE93D0002B2BB6 /* FirstStepViewController.swift in Sources */ = {isa = PBXBuildFile; fileRef = 3B52E6BE20AE93D0002B2BB6 /* FirstStepViewController.swift */; };
		3B52E6C120AE93E3002B2BB6 /* SecondStepViewController.swift in Sources */ = {isa = PBXBuildFile; fileRef = 3B52E6C020AE93E3002B2BB6 /* SecondStepViewController.swift */; };
		3B52E6C320AE942C002B2BB6 /* LastStepViewController.swift in Sources */ = {isa = PBXBuildFile; fileRef = 3B52E6C220AE942C002B2BB6 /* LastStepViewController.swift */; };
		3B52E6C620AE9489002B2BB6 /* FirstStepViewModel.swift in Sources */ = {isa = PBXBuildFile; fileRef = 3B52E6C520AE9489002B2BB6 /* FirstStepViewModel.swift */; };
		3B52E6C820AE94AA002B2BB6 /* SecondStepViewModel.swift in Sources */ = {isa = PBXBuildFile; fileRef = 3B52E6C720AE94AA002B2BB6 /* SecondStepViewModel.swift */; };
		3B52E6CA20AE94C7002B2BB6 /* LastStepViewModel.swift in Sources */ = {isa = PBXBuildFile; fileRef = 3B52E6C920AE94C7002B2BB6 /* LastStepViewModel.swift */; };
		3B623E9D20B6B9AF000302C0 /* SideMenuRouter.swift in Sources */ = {isa = PBXBuildFile; fileRef = 3B623E9C20B6B9AF000302C0 /* SideMenuRouter.swift */; };
		3B66DDC420C0D752009944D1 /* DetailPostViewModel.swift in Sources */ = {isa = PBXBuildFile; fileRef = 3B66DDC320C0D752009944D1 /* DetailPostViewModel.swift */; };
		3B66DDCA20C0E1DF009944D1 /* BuzzlerComment.swift in Sources */ = {isa = PBXBuildFile; fileRef = 3B66DDC920C0E1DF009944D1 /* BuzzlerComment.swift */; };
		3B66DDCC20C0E961009944D1 /* MutipleSection.swift in Sources */ = {isa = PBXBuildFile; fileRef = 3B66DDCB20C0E961009944D1 /* MutipleSection.swift */; };
		3B823CBB20B81A5E000A68BA /* NewPasswordDoneViewController.swift in Sources */ = {isa = PBXBuildFile; fileRef = 3B823CBA20B81A5E000A68BA /* NewPasswordDoneViewController.swift */; };
		3B85701920A9A945009FEC48 /* ValidationService.swift in Sources */ = {isa = PBXBuildFile; fileRef = 3B85701820A9A945009FEC48 /* ValidationService.swift */; };
		3BA13D4320DB9A01009B8E5B /* ManuallyEnterViewController.swift in Sources */ = {isa = PBXBuildFile; fileRef = 3BA13D4220DB9A01009B8E5B /* ManuallyEnterViewController.swift */; };
		3BA13D4520DB9AE1009B8E5B /* ManuallyEnterViewModel.swift in Sources */ = {isa = PBXBuildFile; fileRef = 3BA13D4420DB9AE1009B8E5B /* ManuallyEnterViewModel.swift */; };
		3BB6109120F5DB1F0075748F /* APIWrapper.swift in Sources */ = {isa = PBXBuildFile; fileRef = 3BB6109020F5DB1F0075748F /* APIWrapper.swift */; };
		3BBE8D2020D1162800634B2F /* Category.swift in Sources */ = {isa = PBXBuildFile; fileRef = 3BBE8D1F20D1162800634B2F /* Category.swift */; };
		3BD6EE922105608E0094E318 /* BlackListPopUpViewController.swift in Sources */ = {isa = PBXBuildFile; fileRef = 3BD6EE902105608E0094E318 /* BlackListPopUpViewController.swift */; };
		3BD6EE932105608E0094E318 /* BlackListPopUpViewController.xib in Resources */ = {isa = PBXBuildFile; fileRef = 3BD6EE912105608E0094E318 /* BlackListPopUpViewController.xib */; };
		3BD6EE96210560A40094E318 /* ApprovalPopUpViewController.swift in Sources */ = {isa = PBXBuildFile; fileRef = 3BD6EE94210560A40094E318 /* ApprovalPopUpViewController.swift */; };
		3BD6EE97210560A40094E318 /* ApprovalPopUpViewController.xib in Resources */ = {isa = PBXBuildFile; fileRef = 3BD6EE95210560A40094E318 /* ApprovalPopUpViewController.xib */; };
		84002EB32090613A00B7C98A /* PostViewController.swift in Sources */ = {isa = PBXBuildFile; fileRef = 84002EB22090613A00B7C98A /* PostViewController.swift */; };
		84002EB520907D3200B7C98A /* SignUpViewModel.swift in Sources */ = {isa = PBXBuildFile; fileRef = 84002EB420907D3200B7C98A /* SignUpViewModel.swift */; };
		8421B2CB2086D1A900CBF4E3 /* LoginViewController.swift in Sources */ = {isa = PBXBuildFile; fileRef = 8421B2C92086D1A900CBF4E3 /* LoginViewController.swift */; };
		8421B2CE2086D6CE00CBF4E3 /* UIKit+Extensions.swift in Sources */ = {isa = PBXBuildFile; fileRef = 8421B2CD2086D6CE00CBF4E3 /* UIKit+Extensions.swift */; };
		8421B2D12086D82C00CBF4E3 /* LoginViewModel.swift in Sources */ = {isa = PBXBuildFile; fileRef = 8421B2D02086D82C00CBF4E3 /* LoginViewModel.swift */; };
		8421B2D42086DB7700CBF4E3 /* GlobalUIManager.swift in Sources */ = {isa = PBXBuildFile; fileRef = 8421B2D32086DB7700CBF4E3 /* GlobalUIManager.swift */; };
		844BC372208AF05500666486 /* StartSignUpViewController.swift in Sources */ = {isa = PBXBuildFile; fileRef = 844BC371208AF05500666486 /* StartSignUpViewController.swift */; };
		844BC377208AF17800666486 /* Avenir LT 95 Black.ttf in Resources */ = {isa = PBXBuildFile; fileRef = 844BC374208AF17800666486 /* Avenir LT 95 Black.ttf */; };
		844BC378208AF17800666486 /* AvenirLTStd-Book.otf in Resources */ = {isa = PBXBuildFile; fileRef = 844BC375208AF17800666486 /* AvenirLTStd-Book.otf */; };
		844BC379208AF17800666486 /* AvenirLTStd-Medium.otf in Resources */ = {isa = PBXBuildFile; fileRef = 844BC376208AF17800666486 /* AvenirLTStd-Medium.otf */; };
		844BC37B208AF8FE00666486 /* SignUpViewController.swift in Sources */ = {isa = PBXBuildFile; fileRef = 844BC37A208AF8FE00666486 /* SignUpViewController.swift */; };
		844BC380208B065200666486 /* SignUpRouter.swift in Sources */ = {isa = PBXBuildFile; fileRef = 844BC37F208B065200666486 /* SignUpRouter.swift */; };
		844BC382208B083600666486 /* VerifyCodeViewController.swift in Sources */ = {isa = PBXBuildFile; fileRef = 844BC381208B083600666486 /* VerifyCodeViewController.swift */; };
		844BC384208B0C8300666486 /* VerifyCodeViewModel.swift in Sources */ = {isa = PBXBuildFile; fileRef = 844BC383208B0C8300666486 /* VerifyCodeViewModel.swift */; };
		844BC386208C462900666486 /* SignUpDoneViewController.swift in Sources */ = {isa = PBXBuildFile; fileRef = 844BC385208C462900666486 /* SignUpDoneViewController.swift */; };
		844BC388208C539A00666486 /* SignUpResult.swift in Sources */ = {isa = PBXBuildFile; fileRef = 844BC387208C539A00666486 /* SignUpResult.swift */; };
		844BC38A208C573000666486 /* HelperFunctions.swift in Sources */ = {isa = PBXBuildFile; fileRef = 844BC389208C573000666486 /* HelperFunctions.swift */; };
		84A05AB7209BEA8A009AD3EB /* NotoSans-Bold.ttf in Resources */ = {isa = PBXBuildFile; fileRef = 84A05AB4209BEA8A009AD3EB /* NotoSans-Bold.ttf */; };
		84A05AB8209BEA8A009AD3EB /* NotoSans-Regular.ttf in Resources */ = {isa = PBXBuildFile; fileRef = 84A05AB5209BEA8A009AD3EB /* NotoSans-Regular.ttf */; };
		84A05AB9209BEA8A009AD3EB /* NotoSans-Light.ttf in Resources */ = {isa = PBXBuildFile; fileRef = 84A05AB6209BEA8A009AD3EB /* NotoSans-Light.ttf */; };
		84A1BFC3208C67AD00D0ADC7 /* BuzzlerPost.swift in Sources */ = {isa = PBXBuildFile; fileRef = 84A1BFC2208C67AD00D0ADC7 /* BuzzlerPost.swift */; };
		84A1BFC6208C7C6200D0ADC7 /* HomeImageTableViewCell.swift in Sources */ = {isa = PBXBuildFile; fileRef = 84A1BFC4208C7C6200D0ADC7 /* HomeImageTableViewCell.swift */; };
		84A1BFC7208C7C6200D0ADC7 /* HomeImageTableViewCell.xib in Resources */ = {isa = PBXBuildFile; fileRef = 84A1BFC5208C7C6200D0ADC7 /* HomeImageTableViewCell.xib */; };
		84A1BFCA208C898D00D0ADC7 /* StretchHeaderOptions.swift in Sources */ = {isa = PBXBuildFile; fileRef = 84A1BFC9208C898D00D0ADC7 /* StretchHeaderOptions.swift */; };
		84A1BFCC208C899B00D0ADC7 /* StretchHeader.swift in Sources */ = {isa = PBXBuildFile; fileRef = 84A1BFCB208C899B00D0ADC7 /* StretchHeader.swift */; };
		84A1BFCE208C8D8400D0ADC7 /* HeaderLabel.swift in Sources */ = {isa = PBXBuildFile; fileRef = 84A1BFCD208C8D8400D0ADC7 /* HeaderLabel.swift */; };
		84BA76F32086E21F0097FFD2 /* BuzzlerAPI.swift in Sources */ = {isa = PBXBuildFile; fileRef = 84BA76F22086E21F0097FFD2 /* BuzzlerAPI.swift */; };
		84BA76F52086F80C0097FFD2 /* Decodable+Rx.swift in Sources */ = {isa = PBXBuildFile; fileRef = 84BA76F42086F80C0097FFD2 /* Decodable+Rx.swift */; };
		84BA76F72086FC4B0097FFD2 /* Decodable.swift in Sources */ = {isa = PBXBuildFile; fileRef = 84BA76F62086FC4B0097FFD2 /* Decodable.swift */; };
		84BA76F92086FC7D0097FFD2 /* BuzzlerError.swift in Sources */ = {isa = PBXBuildFile; fileRef = 84BA76F82086FC7D0097FFD2 /* BuzzlerError.swift */; };
		84C4DED02095931600FD6BFD /* SideTableViewCell.swift in Sources */ = {isa = PBXBuildFile; fileRef = 84C4DECE2095931600FD6BFD /* SideTableViewCell.swift */; };
		84C4DED12095931600FD6BFD /* SideTableViewCell.xib in Resources */ = {isa = PBXBuildFile; fileRef = 84C4DECF2095931600FD6BFD /* SideTableViewCell.xib */; };
		84C4DED42095A58100FD6BFD /* CommentTableViewCell.swift in Sources */ = {isa = PBXBuildFile; fileRef = 84C4DED22095A58100FD6BFD /* CommentTableViewCell.swift */; };
		84C4DED52095A58100FD6BFD /* CommentTableViewCell.xib in Resources */ = {isa = PBXBuildFile; fileRef = 84C4DED32095A58100FD6BFD /* CommentTableViewCell.xib */; };
		84DFF8EE209C23E600AC63B0 /* ServerURL.swift in Sources */ = {isa = PBXBuildFile; fileRef = 84DFF8ED209C23E600AC63B0 /* ServerURL.swift */; };
		84DFF8F1209C403800AC63B0 /* ActiviityIndicator.swift in Sources */ = {isa = PBXBuildFile; fileRef = 84DFF8F0209C403800AC63B0 /* ActiviityIndicator.swift */; };
		84F437A82085C3D500E71358 /* WritePostViewModel.swift in Sources */ = {isa = PBXBuildFile; fileRef = 84F437A72085C3D500E71358 /* WritePostViewModel.swift */; };
		84F437AA2085C3E700E71358 /* WritePostViewController.swift in Sources */ = {isa = PBXBuildFile; fileRef = 84F437A92085C3E700E71358 /* WritePostViewController.swift */; };
		AF3C0C221E0AA003002644DD /* BrowserWebViewController.swift in Sources */ = {isa = PBXBuildFile; fileRef = AF3C0C211E0AA003002644DD /* BrowserWebViewController.swift */; };
		AF3C0C241E0AA851002644DD /* Config.swift in Sources */ = {isa = PBXBuildFile; fileRef = AF3C0C231E0AA851002644DD /* Config.swift */; };
		AF69F0EB1E0E055D00735284 /* SideMenuNavigationController.swift in Sources */ = {isa = PBXBuildFile; fileRef = AF69F0EA1E0E055D00735284 /* SideMenuNavigationController.swift */; };
		AF69F0F01E0E0C9400735284 /* SideViewController.swift in Sources */ = {isa = PBXBuildFile; fileRef = AF69F0EF1E0E0C9400735284 /* SideViewController.swift */; };
		AF9F0FD11DF1A6CD00FF8EC5 /* Brick.swift in Sources */ = {isa = PBXBuildFile; fileRef = AF9F0FD01DF1A6CD00FF8EC5 /* Brick.swift */; };
		AF9F0FD41DF1A91300FF8EC5 /* HomeViewController.swift in Sources */ = {isa = PBXBuildFile; fileRef = AF9F0FD31DF1A91300FF8EC5 /* HomeViewController.swift */; };
		AF9F0FD91DF1A9E900FF8EC5 /* HomeTableViewCell.swift in Sources */ = {isa = PBXBuildFile; fileRef = AF9F0FD71DF1A9E900FF8EC5 /* HomeTableViewCell.swift */; };
		AF9F0FDA1DF1A9E900FF8EC5 /* HomeTableViewCell.xib in Resources */ = {isa = PBXBuildFile; fileRef = AF9F0FD81DF1A9E900FF8EC5 /* HomeTableViewCell.xib */; };
		AFA7EC6E1DEEDEDC00138AEE /* AppDelegate.swift in Sources */ = {isa = PBXBuildFile; fileRef = AFA7EC6D1DEEDEDC00138AEE /* AppDelegate.swift */; };
		AFA7EC731DEEDEDC00138AEE /* Main.storyboard in Resources */ = {isa = PBXBuildFile; fileRef = AFA7EC711DEEDEDC00138AEE /* Main.storyboard */; };
		AFA7EC751DEEDEDC00138AEE /* Assets.xcassets in Resources */ = {isa = PBXBuildFile; fileRef = AFA7EC741DEEDEDC00138AEE /* Assets.xcassets */; };
		AFA7EC781DEEDEDC00138AEE /* LaunchScreen.storyboard in Resources */ = {isa = PBXBuildFile; fileRef = AFA7EC761DEEDEDC00138AEE /* LaunchScreen.storyboard */; };
		AFBBA5CD1E06F783003605D1 /* Response+ObjectMapper.swift in Sources */ = {isa = PBXBuildFile; fileRef = AFBBA5CC1E06F783003605D1 /* Response+ObjectMapper.swift */; };
		AFCB661E1DF844DB00916E1B /* HomeViewModel.swift in Sources */ = {isa = PBXBuildFile; fileRef = AFCB661D1DF844DB00916E1B /* HomeViewModel.swift */; };
		BEE6FE8AD2BB786D674EFA94 /* Pods_Buzzler.framework in Frameworks */ = {isa = PBXBuildFile; fileRef = 629F8A6A225EB23A2F1F9B54 /* Pods_Buzzler.framework */; };
/* End PBXBuildFile section */

/* Begin PBXFileReference section */
		08F076F0908B7F9506698A2F /* Pods-Buzzler.debug.xcconfig */ = {isa = PBXFileReference; includeInIndex = 1; lastKnownFileType = text.xcconfig; name = "Pods-Buzzler.debug.xcconfig"; path = "Pods/Target Support Files/Pods-Buzzler/Pods-Buzzler.debug.xcconfig"; sourceTree = "<group>"; };
		3B0DC8EF20F085D4001DE6DC /* AwsAPI.swift */ = {isa = PBXFileReference; lastKnownFileType = sourcecode.swift; path = AwsAPI.swift; sourceTree = "<group>"; };
		3B0DC8F520F0AA8F001DE6DC /* ImageResponse.swift */ = {isa = PBXFileReference; lastKnownFileType = sourcecode.swift; path = ImageResponse.swift; sourceTree = "<group>"; };
		3B0DC99820BBF76700A5D274 /* DetailBuzzlerPost.swift */ = {isa = PBXFileReference; lastKnownFileType = sourcecode.swift; path = DetailBuzzlerPost.swift; sourceTree = "<group>"; };
		3B142A9B2106C4A100CE7E7A /* Author.swift */ = {isa = PBXFileReference; lastKnownFileType = sourcecode.swift; path = Author.swift; sourceTree = "<group>"; };
		3B1CBD0220AA9EB60018D156 /* SelectMajorViewController.swift */ = {isa = PBXFileReference; lastKnownFileType = sourcecode.swift; path = SelectMajorViewController.swift; sourceTree = "<group>"; };
		3B1CBD0420AAC8770018D156 /* SelectMajorViewModel.swift */ = {isa = PBXFileReference; lastKnownFileType = sourcecode.swift; path = SelectMajorViewModel.swift; sourceTree = "<group>"; };
		3B2A42B120AEADA300E37D72 /* ResetPasswordRouter.swift */ = {isa = PBXFileReference; lastKnownFileType = sourcecode.swift; path = ResetPasswordRouter.swift; sourceTree = "<group>"; };
		3B2A42B720B140C000E37D72 /* MyPageViewController.swift */ = {isa = PBXFileReference; lastKnownFileType = sourcecode.swift; path = MyPageViewController.swift; sourceTree = "<group>"; };
		3B2A42BA20B14D0100E37D72 /* SettingsViewController.swift */ = {isa = PBXFileReference; lastKnownFileType = sourcecode.swift; path = SettingsViewController.swift; sourceTree = "<group>"; };
		3B2E9C452107111B00132C74 /* WaitUnivViewController.swift */ = {isa = PBXFileReference; lastKnownFileType = sourcecode.swift; path = WaitUnivViewController.swift; sourceTree = "<group>"; };
		3B2E9C462107111B00132C74 /* WaitUnivViewController.xib */ = {isa = PBXFileReference; lastKnownFileType = file.xib; path = WaitUnivViewController.xib; sourceTree = "<group>"; };
		3B2E9C4A2109B06B00132C74 /* AppLogoView.swift */ = {isa = PBXFileReference; lastKnownFileType = sourcecode.swift; path = AppLogoView.swift; sourceTree = "<group>"; };
		3B2E9C4C2109B07A00132C74 /* AppLogoView.xib */ = {isa = PBXFileReference; lastKnownFileType = file.xib; path = AppLogoView.xib; sourceTree = "<group>"; };
		3B48A9BC20B2A30700E0BDA1 /* SelectUnivViewController.swift */ = {isa = PBXFileReference; lastKnownFileType = sourcecode.swift; path = SelectUnivViewController.swift; sourceTree = "<group>"; };
		3B48A9BE20B2A37100E0BDA1 /* SelectUnivViewModel.swift */ = {isa = PBXFileReference; lastKnownFileType = sourcecode.swift; path = SelectUnivViewModel.swift; sourceTree = "<group>"; };
		3B48A9C320B2B27F00E0BDA1 /* University.swift */ = {isa = PBXFileReference; lastKnownFileType = sourcecode.swift; path = University.swift; sourceTree = "<group>"; };
		3B48A9C920B5498700E0BDA1 /* UserInfo.swift */ = {isa = PBXFileReference; lastKnownFileType = sourcecode.swift; path = UserInfo.swift; sourceTree = "<group>"; };
		3B48A9CB20B549A700E0BDA1 /* MajorInfo.swift */ = {isa = PBXFileReference; lastKnownFileType = sourcecode.swift; path = MajorInfo.swift; sourceTree = "<group>"; };
		3B48A9CD20B54FDF00E0BDA1 /* Environment.swift */ = {isa = PBXFileReference; lastKnownFileType = sourcecode.swift; path = Environment.swift; sourceTree = "<group>"; };
		3B51CCCE20C252CA0087BFF5 /* ReCommentTableViewCell.swift */ = {isa = PBXFileReference; lastKnownFileType = sourcecode.swift; path = ReCommentTableViewCell.swift; sourceTree = "<group>"; };
		3B51CCCF20C252CA0087BFF5 /* ReCommentTableViewCell.xib */ = {isa = PBXFileReference; lastKnownFileType = file.xib; path = ReCommentTableViewCell.xib; sourceTree = "<group>"; };
		3B52E6BE20AE93D0002B2BB6 /* FirstStepViewController.swift */ = {isa = PBXFileReference; lastKnownFileType = sourcecode.swift; path = FirstStepViewController.swift; sourceTree = "<group>"; };
		3B52E6C020AE93E3002B2BB6 /* SecondStepViewController.swift */ = {isa = PBXFileReference; lastKnownFileType = sourcecode.swift; path = SecondStepViewController.swift; sourceTree = "<group>"; };
		3B52E6C220AE942C002B2BB6 /* LastStepViewController.swift */ = {isa = PBXFileReference; lastKnownFileType = sourcecode.swift; path = LastStepViewController.swift; sourceTree = "<group>"; };
		3B52E6C520AE9489002B2BB6 /* FirstStepViewModel.swift */ = {isa = PBXFileReference; lastKnownFileType = sourcecode.swift; path = FirstStepViewModel.swift; sourceTree = "<group>"; };
		3B52E6C720AE94AA002B2BB6 /* SecondStepViewModel.swift */ = {isa = PBXFileReference; lastKnownFileType = sourcecode.swift; path = SecondStepViewModel.swift; sourceTree = "<group>"; };
		3B52E6C920AE94C7002B2BB6 /* LastStepViewModel.swift */ = {isa = PBXFileReference; lastKnownFileType = sourcecode.swift; path = LastStepViewModel.swift; sourceTree = "<group>"; };
		3B623E9C20B6B9AF000302C0 /* SideMenuRouter.swift */ = {isa = PBXFileReference; lastKnownFileType = sourcecode.swift; path = SideMenuRouter.swift; sourceTree = "<group>"; };
		3B66DDC320C0D752009944D1 /* DetailPostViewModel.swift */ = {isa = PBXFileReference; lastKnownFileType = sourcecode.swift; path = DetailPostViewModel.swift; sourceTree = "<group>"; };
		3B66DDC920C0E1DF009944D1 /* BuzzlerComment.swift */ = {isa = PBXFileReference; lastKnownFileType = sourcecode.swift; path = BuzzlerComment.swift; sourceTree = "<group>"; };
		3B66DDCB20C0E961009944D1 /* MutipleSection.swift */ = {isa = PBXFileReference; lastKnownFileType = sourcecode.swift; path = MutipleSection.swift; sourceTree = "<group>"; };
		3B823CBA20B81A5E000A68BA /* NewPasswordDoneViewController.swift */ = {isa = PBXFileReference; lastKnownFileType = sourcecode.swift; path = NewPasswordDoneViewController.swift; sourceTree = "<group>"; };
		3B85701820A9A945009FEC48 /* ValidationService.swift */ = {isa = PBXFileReference; lastKnownFileType = sourcecode.swift; path = ValidationService.swift; sourceTree = "<group>"; };
		3BA13D4220DB9A01009B8E5B /* ManuallyEnterViewController.swift */ = {isa = PBXFileReference; lastKnownFileType = sourcecode.swift; path = ManuallyEnterViewController.swift; sourceTree = "<group>"; };
		3BA13D4420DB9AE1009B8E5B /* ManuallyEnterViewModel.swift */ = {isa = PBXFileReference; lastKnownFileType = sourcecode.swift; path = ManuallyEnterViewModel.swift; sourceTree = "<group>"; };
		3BB6109020F5DB1F0075748F /* APIWrapper.swift */ = {isa = PBXFileReference; lastKnownFileType = sourcecode.swift; path = APIWrapper.swift; sourceTree = "<group>"; };
		3BBE8D1F20D1162800634B2F /* Category.swift */ = {isa = PBXFileReference; lastKnownFileType = sourcecode.swift; path = Category.swift; sourceTree = "<group>"; };
		3BD6EE902105608E0094E318 /* BlackListPopUpViewController.swift */ = {isa = PBXFileReference; lastKnownFileType = sourcecode.swift; path = BlackListPopUpViewController.swift; sourceTree = "<group>"; };
		3BD6EE912105608E0094E318 /* BlackListPopUpViewController.xib */ = {isa = PBXFileReference; lastKnownFileType = file.xib; path = BlackListPopUpViewController.xib; sourceTree = "<group>"; };
		3BD6EE94210560A40094E318 /* ApprovalPopUpViewController.swift */ = {isa = PBXFileReference; lastKnownFileType = sourcecode.swift; path = ApprovalPopUpViewController.swift; sourceTree = "<group>"; };
		3BD6EE95210560A40094E318 /* ApprovalPopUpViewController.xib */ = {isa = PBXFileReference; lastKnownFileType = file.xib; path = ApprovalPopUpViewController.xib; sourceTree = "<group>"; };
		629F8A6A225EB23A2F1F9B54 /* Pods_Buzzler.framework */ = {isa = PBXFileReference; explicitFileType = wrapper.framework; includeInIndex = 0; path = Pods_Buzzler.framework; sourceTree = BUILT_PRODUCTS_DIR; };
		818CD01BBF863A2454C8724C /* Pods-Buzzler.release.xcconfig */ = {isa = PBXFileReference; includeInIndex = 1; lastKnownFileType = text.xcconfig; name = "Pods-Buzzler.release.xcconfig"; path = "Pods/Target Support Files/Pods-Buzzler/Pods-Buzzler.release.xcconfig"; sourceTree = "<group>"; };
		84002EB22090613A00B7C98A /* PostViewController.swift */ = {isa = PBXFileReference; lastKnownFileType = sourcecode.swift; path = PostViewController.swift; sourceTree = "<group>"; };
		84002EB420907D3200B7C98A /* SignUpViewModel.swift */ = {isa = PBXFileReference; lastKnownFileType = sourcecode.swift; path = SignUpViewModel.swift; sourceTree = "<group>"; };
		8421B2C92086D1A900CBF4E3 /* LoginViewController.swift */ = {isa = PBXFileReference; lastKnownFileType = sourcecode.swift; path = LoginViewController.swift; sourceTree = "<group>"; };
		8421B2CD2086D6CE00CBF4E3 /* UIKit+Extensions.swift */ = {isa = PBXFileReference; lastKnownFileType = sourcecode.swift; path = "UIKit+Extensions.swift"; sourceTree = "<group>"; };
		8421B2D02086D82C00CBF4E3 /* LoginViewModel.swift */ = {isa = PBXFileReference; lastKnownFileType = sourcecode.swift; path = LoginViewModel.swift; sourceTree = "<group>"; };
		8421B2D32086DB7700CBF4E3 /* GlobalUIManager.swift */ = {isa = PBXFileReference; lastKnownFileType = sourcecode.swift; path = GlobalUIManager.swift; sourceTree = "<group>"; };
		844BC371208AF05500666486 /* StartSignUpViewController.swift */ = {isa = PBXFileReference; lastKnownFileType = sourcecode.swift; path = StartSignUpViewController.swift; sourceTree = "<group>"; };
		844BC374208AF17800666486 /* Avenir LT 95 Black.ttf */ = {isa = PBXFileReference; lastKnownFileType = file; path = "Avenir LT 95 Black.ttf"; sourceTree = "<group>"; };
		844BC375208AF17800666486 /* AvenirLTStd-Book.otf */ = {isa = PBXFileReference; lastKnownFileType = file; path = "AvenirLTStd-Book.otf"; sourceTree = "<group>"; };
		844BC376208AF17800666486 /* AvenirLTStd-Medium.otf */ = {isa = PBXFileReference; lastKnownFileType = file; path = "AvenirLTStd-Medium.otf"; sourceTree = "<group>"; };
		844BC37A208AF8FE00666486 /* SignUpViewController.swift */ = {isa = PBXFileReference; lastKnownFileType = sourcecode.swift; path = SignUpViewController.swift; sourceTree = "<group>"; };
		844BC37F208B065200666486 /* SignUpRouter.swift */ = {isa = PBXFileReference; lastKnownFileType = sourcecode.swift; path = SignUpRouter.swift; sourceTree = "<group>"; };
		844BC381208B083600666486 /* VerifyCodeViewController.swift */ = {isa = PBXFileReference; lastKnownFileType = sourcecode.swift; path = VerifyCodeViewController.swift; sourceTree = "<group>"; };
		844BC383208B0C8300666486 /* VerifyCodeViewModel.swift */ = {isa = PBXFileReference; lastKnownFileType = sourcecode.swift; path = VerifyCodeViewModel.swift; sourceTree = "<group>"; };
		844BC385208C462900666486 /* SignUpDoneViewController.swift */ = {isa = PBXFileReference; lastKnownFileType = sourcecode.swift; path = SignUpDoneViewController.swift; sourceTree = "<group>"; };
		844BC387208C539A00666486 /* SignUpResult.swift */ = {isa = PBXFileReference; lastKnownFileType = sourcecode.swift; path = SignUpResult.swift; sourceTree = "<group>"; };
		844BC389208C573000666486 /* HelperFunctions.swift */ = {isa = PBXFileReference; lastKnownFileType = sourcecode.swift; path = HelperFunctions.swift; sourceTree = "<group>"; };
		84A05AB4209BEA8A009AD3EB /* NotoSans-Bold.ttf */ = {isa = PBXFileReference; lastKnownFileType = file; path = "NotoSans-Bold.ttf"; sourceTree = "<group>"; };
		84A05AB5209BEA8A009AD3EB /* NotoSans-Regular.ttf */ = {isa = PBXFileReference; lastKnownFileType = file; path = "NotoSans-Regular.ttf"; sourceTree = "<group>"; };
		84A05AB6209BEA8A009AD3EB /* NotoSans-Light.ttf */ = {isa = PBXFileReference; lastKnownFileType = file; path = "NotoSans-Light.ttf"; sourceTree = "<group>"; };
		84A1BFC2208C67AD00D0ADC7 /* BuzzlerPost.swift */ = {isa = PBXFileReference; lastKnownFileType = sourcecode.swift; path = BuzzlerPost.swift; sourceTree = "<group>"; };
		84A1BFC4208C7C6200D0ADC7 /* HomeImageTableViewCell.swift */ = {isa = PBXFileReference; lastKnownFileType = sourcecode.swift; path = HomeImageTableViewCell.swift; sourceTree = "<group>"; };
		84A1BFC5208C7C6200D0ADC7 /* HomeImageTableViewCell.xib */ = {isa = PBXFileReference; lastKnownFileType = file.xib; path = HomeImageTableViewCell.xib; sourceTree = "<group>"; };
		84A1BFC9208C898D00D0ADC7 /* StretchHeaderOptions.swift */ = {isa = PBXFileReference; lastKnownFileType = sourcecode.swift; path = StretchHeaderOptions.swift; sourceTree = "<group>"; };
		84A1BFCB208C899B00D0ADC7 /* StretchHeader.swift */ = {isa = PBXFileReference; lastKnownFileType = sourcecode.swift; path = StretchHeader.swift; sourceTree = "<group>"; };
		84A1BFCD208C8D8400D0ADC7 /* HeaderLabel.swift */ = {isa = PBXFileReference; lastKnownFileType = sourcecode.swift; path = HeaderLabel.swift; sourceTree = "<group>"; };
		84BA76F22086E21F0097FFD2 /* BuzzlerAPI.swift */ = {isa = PBXFileReference; lastKnownFileType = sourcecode.swift; path = BuzzlerAPI.swift; sourceTree = "<group>"; };
		84BA76F42086F80C0097FFD2 /* Decodable+Rx.swift */ = {isa = PBXFileReference; lastKnownFileType = sourcecode.swift; path = "Decodable+Rx.swift"; sourceTree = "<group>"; };
		84BA76F62086FC4B0097FFD2 /* Decodable.swift */ = {isa = PBXFileReference; lastKnownFileType = sourcecode.swift; path = Decodable.swift; sourceTree = "<group>"; };
		84BA76F82086FC7D0097FFD2 /* BuzzlerError.swift */ = {isa = PBXFileReference; lastKnownFileType = sourcecode.swift; path = BuzzlerError.swift; sourceTree = "<group>"; };
		84C4DECE2095931600FD6BFD /* SideTableViewCell.swift */ = {isa = PBXFileReference; lastKnownFileType = sourcecode.swift; path = SideTableViewCell.swift; sourceTree = "<group>"; };
		84C4DECF2095931600FD6BFD /* SideTableViewCell.xib */ = {isa = PBXFileReference; lastKnownFileType = file.xib; path = SideTableViewCell.xib; sourceTree = "<group>"; };
		84C4DED22095A58100FD6BFD /* CommentTableViewCell.swift */ = {isa = PBXFileReference; lastKnownFileType = sourcecode.swift; path = CommentTableViewCell.swift; sourceTree = "<group>"; };
		84C4DED32095A58100FD6BFD /* CommentTableViewCell.xib */ = {isa = PBXFileReference; lastKnownFileType = file.xib; path = CommentTableViewCell.xib; sourceTree = "<group>"; };
		84DFF8ED209C23E600AC63B0 /* ServerURL.swift */ = {isa = PBXFileReference; lastKnownFileType = sourcecode.swift; path = ServerURL.swift; sourceTree = "<group>"; };
		84DFF8F0209C403800AC63B0 /* ActiviityIndicator.swift */ = {isa = PBXFileReference; lastKnownFileType = sourcecode.swift; path = ActiviityIndicator.swift; sourceTree = "<group>"; };
		84F437A72085C3D500E71358 /* WritePostViewModel.swift */ = {isa = PBXFileReference; lastKnownFileType = sourcecode.swift; path = WritePostViewModel.swift; sourceTree = "<group>"; };
		84F437A92085C3E700E71358 /* WritePostViewController.swift */ = {isa = PBXFileReference; lastKnownFileType = sourcecode.swift; path = WritePostViewController.swift; sourceTree = "<group>"; };
		AF3C0C211E0AA003002644DD /* BrowserWebViewController.swift */ = {isa = PBXFileReference; fileEncoding = 4; lastKnownFileType = sourcecode.swift; path = BrowserWebViewController.swift; sourceTree = "<group>"; };
		AF3C0C231E0AA851002644DD /* Config.swift */ = {isa = PBXFileReference; fileEncoding = 4; lastKnownFileType = sourcecode.swift; path = Config.swift; sourceTree = "<group>"; };
		AF69F0EA1E0E055D00735284 /* SideMenuNavigationController.swift */ = {isa = PBXFileReference; fileEncoding = 4; lastKnownFileType = sourcecode.swift; path = SideMenuNavigationController.swift; sourceTree = "<group>"; };
		AF69F0EF1E0E0C9400735284 /* SideViewController.swift */ = {isa = PBXFileReference; fileEncoding = 4; lastKnownFileType = sourcecode.swift; path = SideViewController.swift; sourceTree = "<group>"; };
		AF9F0FD01DF1A6CD00FF8EC5 /* Brick.swift */ = {isa = PBXFileReference; fileEncoding = 4; lastKnownFileType = sourcecode.swift; path = Brick.swift; sourceTree = "<group>"; };
		AF9F0FD31DF1A91300FF8EC5 /* HomeViewController.swift */ = {isa = PBXFileReference; fileEncoding = 4; lastKnownFileType = sourcecode.swift; path = HomeViewController.swift; sourceTree = "<group>"; };
		AF9F0FD71DF1A9E900FF8EC5 /* HomeTableViewCell.swift */ = {isa = PBXFileReference; fileEncoding = 4; lastKnownFileType = sourcecode.swift; path = HomeTableViewCell.swift; sourceTree = "<group>"; };
		AF9F0FD81DF1A9E900FF8EC5 /* HomeTableViewCell.xib */ = {isa = PBXFileReference; fileEncoding = 4; lastKnownFileType = file.xib; path = HomeTableViewCell.xib; sourceTree = "<group>"; };
		AFA7EC6A1DEEDEDC00138AEE /* Buzzler.app */ = {isa = PBXFileReference; explicitFileType = wrapper.application; includeInIndex = 0; path = Buzzler.app; sourceTree = BUILT_PRODUCTS_DIR; };
		AFA7EC6D1DEEDEDC00138AEE /* AppDelegate.swift */ = {isa = PBXFileReference; lastKnownFileType = sourcecode.swift; path = AppDelegate.swift; sourceTree = "<group>"; };
		AFA7EC721DEEDEDC00138AEE /* Base */ = {isa = PBXFileReference; lastKnownFileType = file.storyboard; name = Base; path = Base.lproj/Main.storyboard; sourceTree = "<group>"; };
		AFA7EC741DEEDEDC00138AEE /* Assets.xcassets */ = {isa = PBXFileReference; lastKnownFileType = folder.assetcatalog; path = Assets.xcassets; sourceTree = "<group>"; };
		AFA7EC771DEEDEDC00138AEE /* Base */ = {isa = PBXFileReference; lastKnownFileType = file.storyboard; name = Base; path = Base.lproj/LaunchScreen.storyboard; sourceTree = "<group>"; };
		AFA7EC791DEEDEDC00138AEE /* Info.plist */ = {isa = PBXFileReference; lastKnownFileType = text.plist.xml; path = Info.plist; sourceTree = "<group>"; };
		AFBBA5CC1E06F783003605D1 /* Response+ObjectMapper.swift */ = {isa = PBXFileReference; fileEncoding = 4; lastKnownFileType = sourcecode.swift; path = "Response+ObjectMapper.swift"; sourceTree = "<group>"; };
		AFCB661D1DF844DB00916E1B /* HomeViewModel.swift */ = {isa = PBXFileReference; fileEncoding = 4; lastKnownFileType = sourcecode.swift; path = HomeViewModel.swift; sourceTree = "<group>"; };
/* End PBXFileReference section */

/* Begin PBXFrameworksBuildPhase section */
		AFA7EC671DEEDEDC00138AEE /* Frameworks */ = {
			isa = PBXFrameworksBuildPhase;
			buildActionMask = 2147483647;
			files = (
				BEE6FE8AD2BB786D674EFA94 /* Pods_Buzzler.framework in Frameworks */,
			);
			runOnlyForDeploymentPostprocessing = 0;
		};
/* End PBXFrameworksBuildPhase section */

/* Begin PBXGroup section */
		2250A685ACF966A63C6F44F5 /* Frameworks */ = {
			isa = PBXGroup;
			children = (
				629F8A6A225EB23A2F1F9B54 /* Pods_Buzzler.framework */,
			);
			name = Frameworks;
			sourceTree = "<group>";
		};
		3B0DC8F420F0AA79001DE6DC /* WritePost */ = {
			isa = PBXGroup;
			children = (
				3B0DC8F520F0AA8F001DE6DC /* ImageResponse.swift */,
			);
			path = WritePost;
			sourceTree = "<group>";
		};
		3B2A42B620B1409F00E37D72 /* MyPage */ = {
			isa = PBXGroup;
			children = (
				3B2A42B720B140C000E37D72 /* MyPageViewController.swift */,
			);
			path = MyPage;
			sourceTree = "<group>";
		};
		3B2A42B920B14CE300E37D72 /* Settings */ = {
			isa = PBXGroup;
			children = (
				3B2A42BA20B14D0100E37D72 /* SettingsViewController.swift */,
			);
			path = Settings;
			sourceTree = "<group>";
		};
		3B2E9C492109AFEF00132C74 /* Login */ = {
			isa = PBXGroup;
			children = (
				3B2E9C4A2109B06B00132C74 /* AppLogoView.swift */,
				3B2E9C4C2109B07A00132C74 /* AppLogoView.xib */,
			);
			path = Login;
			sourceTree = "<group>";
		};
		3B48A9C220B2B26700E0BDA1 /* SignUp */ = {
			isa = PBXGroup;
			children = (
				3B48A9C320B2B27F00E0BDA1 /* University.swift */,
				3B48A9C920B5498700E0BDA1 /* UserInfo.swift */,
				3B48A9CB20B549A700E0BDA1 /* MajorInfo.swift */,
			);
			path = SignUp;
			sourceTree = "<group>";
		};
		3B48A9C520B527E500E0BDA1 /* Routers */ = {
			isa = PBXGroup;
			children = (
				3B48A9C620B527F900E0BDA1 /* SignUp */,
				3B48A9C720B5281100E0BDA1 /* ResetPassword */,
				3B623E9B20B6B99E000302C0 /* SideMenu */,
			);
			path = Routers;
			sourceTree = "<group>";
		};
		3B48A9C620B527F900E0BDA1 /* SignUp */ = {
			isa = PBXGroup;
			children = (
				844BC37F208B065200666486 /* SignUpRouter.swift */,
			);
			path = SignUp;
			sourceTree = "<group>";
		};
		3B48A9C720B5281100E0BDA1 /* ResetPassword */ = {
			isa = PBXGroup;
			children = (
				3B2A42B120AEADA300E37D72 /* ResetPasswordRouter.swift */,
			);
			path = ResetPassword;
			sourceTree = "<group>";
		};
		3B52E6BD20AE9311002B2BB6 /* ResetPassword */ = {
			isa = PBXGroup;
			children = (
				3B52E6BE20AE93D0002B2BB6 /* FirstStepViewController.swift */,
				3B52E6C020AE93E3002B2BB6 /* SecondStepViewController.swift */,
				3B52E6C220AE942C002B2BB6 /* LastStepViewController.swift */,
				3B823CBA20B81A5E000A68BA /* NewPasswordDoneViewController.swift */,
			);
			path = ResetPassword;
			sourceTree = "<group>";
		};
		3B52E6C420AE9447002B2BB6 /* ResetPassword */ = {
			isa = PBXGroup;
			children = (
				3B52E6C520AE9489002B2BB6 /* FirstStepViewModel.swift */,
				3B52E6C720AE94AA002B2BB6 /* SecondStepViewModel.swift */,
				3B52E6C920AE94C7002B2BB6 /* LastStepViewModel.swift */,
			);
			path = ResetPassword;
			sourceTree = "<group>";
		};
		3B623E9B20B6B99E000302C0 /* SideMenu */ = {
			isa = PBXGroup;
			children = (
				3B623E9C20B6B9AF000302C0 /* SideMenuRouter.swift */,
			);
			path = SideMenu;
			sourceTree = "<group>";
		};
		3B66DDC220C0D746009944D1 /* DetailPost */ = {
			isa = PBXGroup;
			children = (
				3B66DDC320C0D752009944D1 /* DetailPostViewModel.swift */,
			);
			path = DetailPost;
			sourceTree = "<group>";
		};
		3B66DDC820C0E1C6009944D1 /* DetailPost */ = {
			isa = PBXGroup;
			children = (
				3B0DC99820BBF76700A5D274 /* DetailBuzzlerPost.swift */,
				3B66DDC920C0E1DF009944D1 /* BuzzlerComment.swift */,
				3B66DDCB20C0E961009944D1 /* MutipleSection.swift */,
			);
			path = DetailPost;
			sourceTree = "<group>";
		};
		3BBE8D1E20D1161200634B2F /* User */ = {
			isa = PBXGroup;
			children = (
				3BBE8D1F20D1162800634B2F /* Category.swift */,
			);
			path = User;
			sourceTree = "<group>";
		};
		3BD6EE8F210560650094E318 /* SignUp */ = {
			isa = PBXGroup;
			children = (
				3BD6EE902105608E0094E318 /* BlackListPopUpViewController.swift */,
				3BD6EE912105608E0094E318 /* BlackListPopUpViewController.xib */,
				3BD6EE94210560A40094E318 /* ApprovalPopUpViewController.swift */,
				3BD6EE95210560A40094E318 /* ApprovalPopUpViewController.xib */,
				3B2E9C452107111B00132C74 /* WaitUnivViewController.swift */,
				3B2E9C462107111B00132C74 /* WaitUnivViewController.xib */,
			);
			path = SignUp;
			sourceTree = "<group>";
		};
		84002EB12090611A00B7C98A /* DetailPost */ = {
			isa = PBXGroup;
			children = (
				84002EB22090613A00B7C98A /* PostViewController.swift */,
			);
			path = DetailPost;
			sourceTree = "<group>";
		};
		8421B2C82086D19700CBF4E3 /* Login */ = {
			isa = PBXGroup;
			children = (
				8421B2C92086D1A900CBF4E3 /* LoginViewController.swift */,
			);
			path = Login;
			sourceTree = "<group>";
		};
		8421B2CF2086D81F00CBF4E3 /* Login */ = {
			isa = PBXGroup;
			children = (
				8421B2D02086D82C00CBF4E3 /* LoginViewModel.swift */,
			);
			path = Login;
			sourceTree = "<group>";
		};
		8421B2D22086DB6000CBF4E3 /* Navigation */ = {
			isa = PBXGroup;
			children = (
				8421B2D32086DB7700CBF4E3 /* GlobalUIManager.swift */,
			);
			path = Navigation;
			sourceTree = "<group>";
		};
		844BC370208AF03500666486 /* SignUp */ = {
			isa = PBXGroup;
			children = (
				844BC371208AF05500666486 /* StartSignUpViewController.swift */,
				844BC37A208AF8FE00666486 /* SignUpViewController.swift */,
				844BC381208B083600666486 /* VerifyCodeViewController.swift */,
				3B48A9BC20B2A30700E0BDA1 /* SelectUnivViewController.swift */,
				3B1CBD0220AA9EB60018D156 /* SelectMajorViewController.swift */,
				844BC385208C462900666486 /* SignUpDoneViewController.swift */,
				3BA13D4220DB9A01009B8E5B /* ManuallyEnterViewController.swift */,
			);
			path = SignUp;
			sourceTree = "<group>";
		};
		844BC373208AF16000666486 /* Resource */ = {
			isa = PBXGroup;
			children = (
				84A05AB4209BEA8A009AD3EB /* NotoSans-Bold.ttf */,
				84A05AB6209BEA8A009AD3EB /* NotoSans-Light.ttf */,
				84A05AB5209BEA8A009AD3EB /* NotoSans-Regular.ttf */,
				844BC374208AF17800666486 /* Avenir LT 95 Black.ttf */,
				844BC375208AF17800666486 /* AvenirLTStd-Book.otf */,
				844BC376208AF17800666486 /* AvenirLTStd-Medium.otf */,
			);
			path = Resource;
			sourceTree = "<group>";
		};
		844BC37C208AFAA400666486 /* SignUp */ = {
			isa = PBXGroup;
			children = (
				844BC387208C539A00666486 /* SignUpResult.swift */,
				84002EB420907D3200B7C98A /* SignUpViewModel.swift */,
				844BC383208B0C8300666486 /* VerifyCodeViewModel.swift */,
				3B48A9BE20B2A37100E0BDA1 /* SelectUnivViewModel.swift */,
				3B1CBD0420AAC8770018D156 /* SelectMajorViewModel.swift */,
				3BA13D4420DB9AE1009B8E5B /* ManuallyEnterViewModel.swift */,
			);
			path = SignUp;
			sourceTree = "<group>";
		};
		84A1BFC8208C897600D0ADC7 /* StretchHeader */ = {
			isa = PBXGroup;
			children = (
				84A1BFC9208C898D00D0ADC7 /* StretchHeaderOptions.swift */,
				84A1BFCB208C899B00D0ADC7 /* StretchHeader.swift */,
			);
			path = StretchHeader;
			sourceTree = "<group>";
		};
		84C4DEC920958BC000FD6BFD /* Side */ = {
			isa = PBXGroup;
			children = (
				84C4DECE2095931600FD6BFD /* SideTableViewCell.swift */,
				84C4DECF2095931600FD6BFD /* SideTableViewCell.xib */,
			);
			path = Side;
			sourceTree = "<group>";
		};
		84DFF8EF209C402100AC63B0 /* ActivityIndicator */ = {
			isa = PBXGroup;
			children = (
				84DFF8F0209C403800AC63B0 /* ActiviityIndicator.swift */,
			);
			path = ActivityIndicator;
			sourceTree = "<group>";
		};
		84F437A32085C3AC00E71358 /* WritePost */ = {
			isa = PBXGroup;
			children = (
				84F437A92085C3E700E71358 /* WritePostViewController.swift */,
			);
			path = WritePost;
			sourceTree = "<group>";
		};
		84F437A62085C3CB00E71358 /* WritePost */ = {
			isa = PBXGroup;
			children = (
				84F437A72085C3D500E71358 /* WritePostViewModel.swift */,
			);
			path = WritePost;
			sourceTree = "<group>";
		};
		84F437AC2085C40900E71358 /* DetailPost */ = {
			isa = PBXGroup;
			children = (
				84C4DED22095A58100FD6BFD /* CommentTableViewCell.swift */,
				84C4DED32095A58100FD6BFD /* CommentTableViewCell.xib */,
				3B51CCCE20C252CA0087BFF5 /* ReCommentTableViewCell.swift */,
				3B51CCCF20C252CA0087BFF5 /* ReCommentTableViewCell.xib */,
			);
			path = DetailPost;
			sourceTree = "<group>";
		};
		877C792282C986DBB7283231 /* Pods */ = {
			isa = PBXGroup;
			children = (
				08F076F0908B7F9506698A2F /* Pods-Buzzler.debug.xcconfig */,
				818CD01BBF863A2454C8724C /* Pods-Buzzler.release.xcconfig */,
			);
			name = Pods;
			sourceTree = "<group>";
		};
		AF3C0C201E0A9FBC002644DD /* Web */ = {
			isa = PBXGroup;
			children = (
				AF3C0C211E0AA003002644DD /* BrowserWebViewController.swift */,
			);
			path = Web;
			sourceTree = "<group>";
		};
		AF69F0EE1E0E0C6D00735284 /* Side */ = {
			isa = PBXGroup;
			children = (
				AF69F0EA1E0E055D00735284 /* SideMenuNavigationController.swift */,
				AF69F0EF1E0E0C9400735284 /* SideViewController.swift */,
			);
			path = Side;
			sourceTree = "<group>";
		};
		AF9F0FCE1DF1A66300FF8EC5 /* Models */ = {
			isa = PBXGroup;
			children = (
				3BBE8D1E20D1161200634B2F /* User */,
				AF9F0FCF1DF1A66E00FF8EC5 /* Home */,
				3B66DDC820C0E1C6009944D1 /* DetailPost */,
				3B48A9C220B2B26700E0BDA1 /* SignUp */,
				3B0DC8F420F0AA79001DE6DC /* WritePost */,
			);
			path = Models;
			sourceTree = "<group>";
		};
		AF9F0FCF1DF1A66E00FF8EC5 /* Home */ = {
			isa = PBXGroup;
			children = (
				AF9F0FD01DF1A6CD00FF8EC5 /* Brick.swift */,
				84A1BFC2208C67AD00D0ADC7 /* BuzzlerPost.swift */,
				3B142A9B2106C4A100CE7E7A /* Author.swift */,
			);
			path = Home;
			sourceTree = "<group>";
		};
		AF9F0FD21DF1A8FA00FF8EC5 /* Home */ = {
			isa = PBXGroup;
			children = (
				AF9F0FD31DF1A91300FF8EC5 /* HomeViewController.swift */,
			);
			path = Home;
			sourceTree = "<group>";
		};
		AF9F0FD51DF1A9B300FF8EC5 /* Views */ = {
			isa = PBXGroup;
			children = (
				3B2E9C492109AFEF00132C74 /* Login */,
				AF9F0FD61DF1A9C100FF8EC5 /* Home */,
				84F437AC2085C40900E71358 /* DetailPost */,
				3BD6EE8F210560650094E318 /* SignUp */,
				84C4DEC920958BC000FD6BFD /* Side */,
			);
			path = Views;
			sourceTree = "<group>";
		};
		AF9F0FD61DF1A9C100FF8EC5 /* Home */ = {
			isa = PBXGroup;
			children = (
				AF9F0FD71DF1A9E900FF8EC5 /* HomeTableViewCell.swift */,
				AF9F0FD81DF1A9E900FF8EC5 /* HomeTableViewCell.xib */,
				84A1BFC4208C7C6200D0ADC7 /* HomeImageTableViewCell.swift */,
				84A1BFC5208C7C6200D0ADC7 /* HomeImageTableViewCell.xib */,
				84A1BFCD208C8D8400D0ADC7 /* HeaderLabel.swift */,
			);
			name = Home;
			path = home;
			sourceTree = "<group>";
		};
		AFA7EC611DEEDEDC00138AEE = {
			isa = PBXGroup;
			children = (
				AFA7EC6C1DEEDEDC00138AEE /* Buzzler */,
				AFA7EC6B1DEEDEDC00138AEE /* Products */,
				877C792282C986DBB7283231 /* Pods */,
				2250A685ACF966A63C6F44F5 /* Frameworks */,
			);
			sourceTree = "<group>";
		};
		AFA7EC6B1DEEDEDC00138AEE /* Products */ = {
			isa = PBXGroup;
			children = (
				AFA7EC6A1DEEDEDC00138AEE /* Buzzler.app */,
			);
			name = Products;
			sourceTree = "<group>";
		};
		AFA7EC6C1DEEDEDC00138AEE /* Buzzler */ = {
			isa = PBXGroup;
			children = (
				844BC373208AF16000666486 /* Resource */,
				AFA7EC821DEF4CA600138AEE /* Config */,
				AF9F0FD51DF1A9B300FF8EC5 /* Views */,
				3B48A9C520B527E500E0BDA1 /* Routers */,
				AF9F0FCE1DF1A66300FF8EC5 /* Models */,
				AFCB661B1DF844B100916E1B /* ViewModels */,
				AFA7EC7F1DEF4BB400138AEE /* Controllers */,
				AFBDB25F1DF58ED9003E8EE2 /* Services */,
				AFBBA5CB1E06F76C003605D1 /* Extensions */,
				AFA7EC6D1DEEDEDC00138AEE /* AppDelegate.swift */,
				AFA7EC741DEEDEDC00138AEE /* Assets.xcassets */,
				AFA7EC711DEEDEDC00138AEE /* Main.storyboard */,
				AFA7EC761DEEDEDC00138AEE /* LaunchScreen.storyboard */,
				AFA7EC791DEEDEDC00138AEE /* Info.plist */,
			);
			path = Buzzler;
			sourceTree = "<group>";
		};
		AFA7EC7F1DEF4BB400138AEE /* Controllers */ = {
			isa = PBXGroup;
			children = (
				AF9F0FD21DF1A8FA00FF8EC5 /* Home */,
				84002EB12090611A00B7C98A /* DetailPost */,
				844BC370208AF03500666486 /* SignUp */,
				3B52E6BD20AE9311002B2BB6 /* ResetPassword */,
				8421B2C82086D19700CBF4E3 /* Login */,
				84F437A32085C3AC00E71358 /* WritePost */,
				3B2A42B920B14CE300E37D72 /* Settings */,
				3B2A42B620B1409F00E37D72 /* MyPage */,
				AF3C0C201E0A9FBC002644DD /* Web */,
				AF69F0EE1E0E0C6D00735284 /* Side */,
			);
			path = Controllers;
			sourceTree = "<group>";
		};
		AFA7EC821DEF4CA600138AEE /* Config */ = {
			isa = PBXGroup;
			children = (
				AF3C0C231E0AA851002644DD /* Config.swift */,
				84DFF8ED209C23E600AC63B0 /* ServerURL.swift */,
				3B48A9CD20B54FDF00E0BDA1 /* Environment.swift */,
			);
			path = Config;
			sourceTree = "<group>";
		};
		AFBBA5CB1E06F76C003605D1 /* Extensions */ = {
			isa = PBXGroup;
			children = (
				AFBBA5CC1E06F783003605D1 /* Response+ObjectMapper.swift */,
				8421B2CD2086D6CE00CBF4E3 /* UIKit+Extensions.swift */,
				844BC389208C573000666486 /* HelperFunctions.swift */,
			);
			path = Extensions;
			sourceTree = "<group>";
		};
		AFBDB25F1DF58ED9003E8EE2 /* Services */ = {
			isa = PBXGroup;
			children = (
				AFBDB2601DF58EF1003E8EE2 /* Network */,
				84DFF8EF209C402100AC63B0 /* ActivityIndicator */,
				84A1BFC8208C897600D0ADC7 /* StretchHeader */,
				8421B2D22086DB6000CBF4E3 /* Navigation */,
			);
			path = Services;
			sourceTree = "<group>";
		};
		AFBDB2601DF58EF1003E8EE2 /* Network */ = {
			isa = PBXGroup;
			children = (
				3BB6109020F5DB1F0075748F /* APIWrapper.swift */,
				3B0DC8EF20F085D4001DE6DC /* AwsAPI.swift */,
				84BA76F22086E21F0097FFD2 /* BuzzlerAPI.swift */,
				84BA76F82086FC7D0097FFD2 /* BuzzlerError.swift */,
				84BA76F62086FC4B0097FFD2 /* Decodable.swift */,
				84BA76F42086F80C0097FFD2 /* Decodable+Rx.swift */,
				3B85701820A9A945009FEC48 /* ValidationService.swift */,
			);
			path = Network;
			sourceTree = "<group>";
		};
		AFCB661B1DF844B100916E1B /* ViewModels */ = {
			isa = PBXGroup;
			children = (
				AFCB661C1DF844C200916E1B /* Home */,
				3B66DDC220C0D746009944D1 /* DetailPost */,
				844BC37C208AFAA400666486 /* SignUp */,
				3B52E6C420AE9447002B2BB6 /* ResetPassword */,
				8421B2CF2086D81F00CBF4E3 /* Login */,
				84F437A62085C3CB00E71358 /* WritePost */,
			);
			path = ViewModels;
			sourceTree = "<group>";
		};
		AFCB661C1DF844C200916E1B /* Home */ = {
			isa = PBXGroup;
			children = (
				AFCB661D1DF844DB00916E1B /* HomeViewModel.swift */,
			);
			path = Home;
			sourceTree = "<group>";
		};
/* End PBXGroup section */

/* Begin PBXNativeTarget section */
		AFA7EC691DEEDEDC00138AEE /* Buzzler */ = {
			isa = PBXNativeTarget;
			buildConfigurationList = AFA7EC7C1DEEDEDC00138AEE /* Build configuration list for PBXNativeTarget "Buzzler" */;
			buildPhases = (
				4D0094C6CFD569CFDB968248 /* [CP] Check Pods Manifest.lock */,
				AFA7EC661DEEDEDC00138AEE /* Sources */,
				AFA7EC671DEEDEDC00138AEE /* Frameworks */,
				AFA7EC681DEEDEDC00138AEE /* Resources */,
				878B2B2B827A31A9B8A9EF1B /* [CP] Embed Pods Frameworks */,
			);
			buildRules = (
			);
			dependencies = (
			);
			name = Buzzler;
			productName = Gank;
			productReference = AFA7EC6A1DEEDEDC00138AEE /* Buzzler.app */;
			productType = "com.apple.product-type.application";
		};
/* End PBXNativeTarget section */

/* Begin PBXProject section */
		AFA7EC621DEEDEDC00138AEE /* Project object */ = {
			isa = PBXProject;
			attributes = {
				LastSwiftUpdateCheck = 0810;
				LastUpgradeCheck = 0810;
				ORGANIZATIONNAME = Maru;
				TargetAttributes = {
					AFA7EC691DEEDEDC00138AEE = {
						CreatedOnToolsVersion = 8.1;
						DevelopmentTeam = WUBZLP5JM2;
						ProvisioningStyle = Automatic;
						SystemCapabilities = {
							com.apple.BackgroundModes = {
								enabled = 1;
							};
						};
					};
				};
			};
			buildConfigurationList = AFA7EC651DEEDEDC00138AEE /* Build configuration list for PBXProject "Buzzler" */;
			compatibilityVersion = "Xcode 3.2";
			developmentRegion = English;
			hasScannedForEncodings = 0;
			knownRegions = (
				en,
				Base,
			);
			mainGroup = AFA7EC611DEEDEDC00138AEE;
			productRefGroup = AFA7EC6B1DEEDEDC00138AEE /* Products */;
			projectDirPath = "";
			projectRoot = "";
			targets = (
				AFA7EC691DEEDEDC00138AEE /* Buzzler */,
			);
		};
/* End PBXProject section */

/* Begin PBXResourcesBuildPhase section */
		AFA7EC681DEEDEDC00138AEE /* Resources */ = {
			isa = PBXResourcesBuildPhase;
			buildActionMask = 2147483647;
			files = (
				3B51CCD120C252CA0087BFF5 /* ReCommentTableViewCell.xib in Resources */,
				84A05AB8209BEA8A009AD3EB /* NotoSans-Regular.ttf in Resources */,
				AFA7EC781DEEDEDC00138AEE /* LaunchScreen.storyboard in Resources */,
				3BD6EE932105608E0094E318 /* BlackListPopUpViewController.xib in Resources */,
				84C4DED12095931600FD6BFD /* SideTableViewCell.xib in Resources */,
				AFA7EC751DEEDEDC00138AEE /* Assets.xcassets in Resources */,
				84A05AB7209BEA8A009AD3EB /* NotoSans-Bold.ttf in Resources */,
				84A1BFC7208C7C6200D0ADC7 /* HomeImageTableViewCell.xib in Resources */,
				3BD6EE97210560A40094E318 /* ApprovalPopUpViewController.xib in Resources */,
				844BC377208AF17800666486 /* Avenir LT 95 Black.ttf in Resources */,
				844BC378208AF17800666486 /* AvenirLTStd-Book.otf in Resources */,
				AF9F0FDA1DF1A9E900FF8EC5 /* HomeTableViewCell.xib in Resources */,
				AFA7EC731DEEDEDC00138AEE /* Main.storyboard in Resources */,
				3B2E9C482107111B00132C74 /* WaitUnivViewController.xib in Resources */,
				844BC379208AF17800666486 /* AvenirLTStd-Medium.otf in Resources */,
				3B2E9C4D2109B07A00132C74 /* AppLogoView.xib in Resources */,
				84A05AB9209BEA8A009AD3EB /* NotoSans-Light.ttf in Resources */,
				84C4DED52095A58100FD6BFD /* CommentTableViewCell.xib in Resources */,
			);
			runOnlyForDeploymentPostprocessing = 0;
		};
/* End PBXResourcesBuildPhase section */

/* Begin PBXShellScriptBuildPhase section */
		4D0094C6CFD569CFDB968248 /* [CP] Check Pods Manifest.lock */ = {
			isa = PBXShellScriptBuildPhase;
			buildActionMask = 2147483647;
			files = (
			);
			inputPaths = (
				"${PODS_PODFILE_DIR_PATH}/Podfile.lock",
				"${PODS_ROOT}/Manifest.lock",
			);
			name = "[CP] Check Pods Manifest.lock";
			outputPaths = (
				"$(DERIVED_FILE_DIR)/Pods-Buzzler-checkManifestLockResult.txt",
			);
			runOnlyForDeploymentPostprocessing = 0;
			shellPath = /bin/sh;
			shellScript = "diff \"${PODS_PODFILE_DIR_PATH}/Podfile.lock\" \"${PODS_ROOT}/Manifest.lock\" > /dev/null\nif [ $? != 0 ] ; then\n    # print error to STDERR\n    echo \"error: The sandbox is not in sync with the Podfile.lock. Run 'pod install' or update your CocoaPods installation.\" >&2\n    exit 1\nfi\n# This output is used by Xcode 'outputs' to avoid re-running this script phase.\necho \"SUCCESS\" > \"${SCRIPT_OUTPUT_FILE_0}\"\n";
			showEnvVarsInLog = 0;
		};
		878B2B2B827A31A9B8A9EF1B /* [CP] Embed Pods Frameworks */ = {
			isa = PBXShellScriptBuildPhase;
			buildActionMask = 2147483647;
			files = (
			);
			inputPaths = (
				"${SRCROOT}/Pods/Target Support Files/Pods-Buzzler/Pods-Buzzler-frameworks.sh",
				"${BUILT_PRODUCTS_DIR}/Action/Action.framework",
				"${BUILT_PRODUCTS_DIR}/Alamofire/Alamofire.framework",
				"${BUILT_PRODUCTS_DIR}/AsyncTimer/AsyncTimer.framework",
				"${BUILT_PRODUCTS_DIR}/CWStatusBarNotification/CWStatusBarNotification.framework",
				"${BUILT_PRODUCTS_DIR}/DKImagePickerController/DKImagePickerController.framework",
				"${BUILT_PRODUCTS_DIR}/Differentiator/Differentiator.framework",
				"${BUILT_PRODUCTS_DIR}/EZSwiftExtensions/EZSwiftExtensions.framework",
				"${BUILT_PRODUCTS_DIR}/Kingfisher/Kingfisher.framework",
				"${BUILT_PRODUCTS_DIR}/Moya/Moya.framework",
				"${BUILT_PRODUCTS_DIR}/NSObject+Rx/NSObject_Rx.framework",
				"${BUILT_PRODUCTS_DIR}/NoticeBar/NoticeBar.framework",
				"${BUILT_PRODUCTS_DIR}/ObjectMapper/ObjectMapper.framework",
				"${BUILT_PRODUCTS_DIR}/PopoverSwift/PopoverSwift.framework",
				"${BUILT_PRODUCTS_DIR}/PullToRefresher/PullToRefresh.framework",
				"${BUILT_PRODUCTS_DIR}/Result/Result.framework",
				"${BUILT_PRODUCTS_DIR}/Reusable/Reusable.framework",
				"${BUILT_PRODUCTS_DIR}/RxCocoa/RxCocoa.framework",
				"${BUILT_PRODUCTS_DIR}/RxDataSources/RxDataSources.framework",
				"${BUILT_PRODUCTS_DIR}/RxKeyboard/RxKeyboard.framework",
				"${BUILT_PRODUCTS_DIR}/RxOptional/RxOptional.framework",
				"${BUILT_PRODUCTS_DIR}/RxSwift/RxSwift.framework",
				"${BUILT_PRODUCTS_DIR}/SKPhotoBrowser/SKPhotoBrowser.framework",
				"${BUILT_PRODUCTS_DIR}/SVProgressHUD/SVProgressHUD.framework",
				"${BUILT_PRODUCTS_DIR}/SideMenu/SideMenu.framework",
				"${BUILT_PRODUCTS_DIR}/SnapKit/SnapKit.framework",
				"${BUILT_PRODUCTS_DIR}/SwiftWebVC/SwiftWebVC.framework",
				"${BUILT_PRODUCTS_DIR}/SwiftyAttributes/SwiftyAttributes.framework",
				"${BUILT_PRODUCTS_DIR}/SwiftyBeaver/SwiftyBeaver.framework",
				"${BUILT_PRODUCTS_DIR}/SwiftyJSON/SwiftyJSON.framework",
				"${BUILT_PRODUCTS_DIR}/Then/Then.framework",
				"${BUILT_PRODUCTS_DIR}/Toaster/Toaster.framework",
			);
			name = "[CP] Embed Pods Frameworks";
			outputPaths = (
				"${TARGET_BUILD_DIR}/${FRAMEWORKS_FOLDER_PATH}/Action.framework",
				"${TARGET_BUILD_DIR}/${FRAMEWORKS_FOLDER_PATH}/Alamofire.framework",
				"${TARGET_BUILD_DIR}/${FRAMEWORKS_FOLDER_PATH}/AsyncTimer.framework",
				"${TARGET_BUILD_DIR}/${FRAMEWORKS_FOLDER_PATH}/CWStatusBarNotification.framework",
				"${TARGET_BUILD_DIR}/${FRAMEWORKS_FOLDER_PATH}/DKImagePickerController.framework",
				"${TARGET_BUILD_DIR}/${FRAMEWORKS_FOLDER_PATH}/Differentiator.framework",
				"${TARGET_BUILD_DIR}/${FRAMEWORKS_FOLDER_PATH}/EZSwiftExtensions.framework",
				"${TARGET_BUILD_DIR}/${FRAMEWORKS_FOLDER_PATH}/Kingfisher.framework",
				"${TARGET_BUILD_DIR}/${FRAMEWORKS_FOLDER_PATH}/Moya.framework",
				"${TARGET_BUILD_DIR}/${FRAMEWORKS_FOLDER_PATH}/NSObject_Rx.framework",
				"${TARGET_BUILD_DIR}/${FRAMEWORKS_FOLDER_PATH}/NoticeBar.framework",
				"${TARGET_BUILD_DIR}/${FRAMEWORKS_FOLDER_PATH}/ObjectMapper.framework",
				"${TARGET_BUILD_DIR}/${FRAMEWORKS_FOLDER_PATH}/PopoverSwift.framework",
				"${TARGET_BUILD_DIR}/${FRAMEWORKS_FOLDER_PATH}/PullToRefresh.framework",
				"${TARGET_BUILD_DIR}/${FRAMEWORKS_FOLDER_PATH}/Result.framework",
				"${TARGET_BUILD_DIR}/${FRAMEWORKS_FOLDER_PATH}/Reusable.framework",
				"${TARGET_BUILD_DIR}/${FRAMEWORKS_FOLDER_PATH}/RxCocoa.framework",
				"${TARGET_BUILD_DIR}/${FRAMEWORKS_FOLDER_PATH}/RxDataSources.framework",
				"${TARGET_BUILD_DIR}/${FRAMEWORKS_FOLDER_PATH}/RxKeyboard.framework",
				"${TARGET_BUILD_DIR}/${FRAMEWORKS_FOLDER_PATH}/RxOptional.framework",
				"${TARGET_BUILD_DIR}/${FRAMEWORKS_FOLDER_PATH}/RxSwift.framework",
				"${TARGET_BUILD_DIR}/${FRAMEWORKS_FOLDER_PATH}/SKPhotoBrowser.framework",
				"${TARGET_BUILD_DIR}/${FRAMEWORKS_FOLDER_PATH}/SVProgressHUD.framework",
				"${TARGET_BUILD_DIR}/${FRAMEWORKS_FOLDER_PATH}/SideMenu.framework",
				"${TARGET_BUILD_DIR}/${FRAMEWORKS_FOLDER_PATH}/SnapKit.framework",
				"${TARGET_BUILD_DIR}/${FRAMEWORKS_FOLDER_PATH}/SwiftWebVC.framework",
				"${TARGET_BUILD_DIR}/${FRAMEWORKS_FOLDER_PATH}/SwiftyAttributes.framework",
				"${TARGET_BUILD_DIR}/${FRAMEWORKS_FOLDER_PATH}/SwiftyBeaver.framework",
				"${TARGET_BUILD_DIR}/${FRAMEWORKS_FOLDER_PATH}/SwiftyJSON.framework",
				"${TARGET_BUILD_DIR}/${FRAMEWORKS_FOLDER_PATH}/Then.framework",
				"${TARGET_BUILD_DIR}/${FRAMEWORKS_FOLDER_PATH}/Toaster.framework",
			);
			runOnlyForDeploymentPostprocessing = 0;
			shellPath = /bin/sh;
			shellScript = "\"${SRCROOT}/Pods/Target Support Files/Pods-Buzzler/Pods-Buzzler-frameworks.sh\"\n";
			showEnvVarsInLog = 0;
		};
/* End PBXShellScriptBuildPhase section */

/* Begin PBXSourcesBuildPhase section */
		AFA7EC661DEEDEDC00138AEE /* Sources */ = {
			isa = PBXSourcesBuildPhase;
			buildActionMask = 2147483647;
			files = (
				3B0DC99920BBF76700A5D274 /* DetailBuzzlerPost.swift in Sources */,
				84F437A82085C3D500E71358 /* WritePostViewModel.swift in Sources */,
				84002EB520907D3200B7C98A /* SignUpViewModel.swift in Sources */,
				844BC388208C539A00666486 /* SignUpResult.swift in Sources */,
				3B51CCD020C252CA0087BFF5 /* ReCommentTableViewCell.swift in Sources */,
				84002EB32090613A00B7C98A /* PostViewController.swift in Sources */,
				AF3C0C221E0AA003002644DD /* BrowserWebViewController.swift in Sources */,
				3B48A9BF20B2A37100E0BDA1 /* SelectUnivViewModel.swift in Sources */,
				3B48A9CC20B549A700E0BDA1 /* MajorInfo.swift in Sources */,
				AFCB661E1DF844DB00916E1B /* HomeViewModel.swift in Sources */,
				AFA7EC6E1DEEDEDC00138AEE /* AppDelegate.swift in Sources */,
				AF9F0FD11DF1A6CD00FF8EC5 /* Brick.swift in Sources */,
				3B142A9C2106C4A100CE7E7A /* Author.swift in Sources */,
				84A1BFCA208C898D00D0ADC7 /* StretchHeaderOptions.swift in Sources */,
				AFBBA5CD1E06F783003605D1 /* Response+ObjectMapper.swift in Sources */,
				3B52E6C820AE94AA002B2BB6 /* SecondStepViewModel.swift in Sources */,
				3B85701920A9A945009FEC48 /* ValidationService.swift in Sources */,
				3B2A42BB20B14D0100E37D72 /* SettingsViewController.swift in Sources */,
				84BA76F52086F80C0097FFD2 /* Decodable+Rx.swift in Sources */,
				3B52E6C620AE9489002B2BB6 /* FirstStepViewModel.swift in Sources */,
				3B2E9C472107111B00132C74 /* WaitUnivViewController.swift in Sources */,
				3B48A9CE20B54FDF00E0BDA1 /* Environment.swift in Sources */,
				3B0DC8F620F0AA8F001DE6DC /* ImageResponse.swift in Sources */,
				844BC372208AF05500666486 /* StartSignUpViewController.swift in Sources */,
				8421B2D12086D82C00CBF4E3 /* LoginViewModel.swift in Sources */,
				3B52E6CA20AE94C7002B2BB6 /* LastStepViewModel.swift in Sources */,
				AF9F0FD91DF1A9E900FF8EC5 /* HomeTableViewCell.swift in Sources */,
				844BC382208B083600666486 /* VerifyCodeViewController.swift in Sources */,
				3BB6109120F5DB1F0075748F /* APIWrapper.swift in Sources */,
				3B52E6BF20AE93D0002B2BB6 /* FirstStepViewController.swift in Sources */,
				844BC386208C462900666486 /* SignUpDoneViewController.swift in Sources */,
				84DFF8F1209C403800AC63B0 /* ActiviityIndicator.swift in Sources */,
				84DFF8EE209C23E600AC63B0 /* ServerURL.swift in Sources */,
				3B48A9CA20B5498700E0BDA1 /* UserInfo.swift in Sources */,
				8421B2D42086DB7700CBF4E3 /* GlobalUIManager.swift in Sources */,
				84F437AA2085C3E700E71358 /* WritePostViewController.swift in Sources */,
				3B2A42B220AEADA300E37D72 /* ResetPasswordRouter.swift in Sources */,
				844BC384208B0C8300666486 /* VerifyCodeViewModel.swift in Sources */,
				3BD6EE96210560A40094E318 /* ApprovalPopUpViewController.swift in Sources */,
				84BA76F92086FC7D0097FFD2 /* BuzzlerError.swift in Sources */,
				844BC38A208C573000666486 /* HelperFunctions.swift in Sources */,
				3B0DC8F020F085D4001DE6DC /* AwsAPI.swift in Sources */,
				84A1BFC3208C67AD00D0ADC7 /* BuzzlerPost.swift in Sources */,
				84A1BFC6208C7C6200D0ADC7 /* HomeImageTableViewCell.swift in Sources */,
				3B823CBB20B81A5E000A68BA /* NewPasswordDoneViewController.swift in Sources */,
				3B66DDCA20C0E1DF009944D1 /* BuzzlerComment.swift in Sources */,
				84C4DED42095A58100FD6BFD /* CommentTableViewCell.swift in Sources */,
				3B52E6C320AE942C002B2BB6 /* LastStepViewController.swift in Sources */,
				3BA13D4520DB9AE1009B8E5B /* ManuallyEnterViewModel.swift in Sources */,
				844BC380208B065200666486 /* SignUpRouter.swift in Sources */,
				3B1CBD0520AAC8770018D156 /* SelectMajorViewModel.swift in Sources */,
				3B66DDCC20C0E961009944D1 /* MutipleSection.swift in Sources */,
				3B2A42B820B140C000E37D72 /* MyPageViewController.swift in Sources */,
				3B52E6C120AE93E3002B2BB6 /* SecondStepViewController.swift in Sources */,
				84BA76F32086E21F0097FFD2 /* BuzzlerAPI.swift in Sources */,
				AF69F0EB1E0E055D00735284 /* SideMenuNavigationController.swift in Sources */,
				3B2E9C4B2109B06B00132C74 /* AppLogoView.swift in Sources */,
				3B48A9BD20B2A30700E0BDA1 /* SelectUnivViewController.swift in Sources */,
				84BA76F72086FC4B0097FFD2 /* Decodable.swift in Sources */,
				8421B2CB2086D1A900CBF4E3 /* LoginViewController.swift in Sources */,
				3BD6EE922105608E0094E318 /* BlackListPopUpViewController.swift in Sources */,
				84A1BFCC208C899B00D0ADC7 /* StretchHeader.swift in Sources */,
				AF69F0F01E0E0C9400735284 /* SideViewController.swift in Sources */,
				3BA13D4320DB9A01009B8E5B /* ManuallyEnterViewController.swift in Sources */,
				AF3C0C241E0AA851002644DD /* Config.swift in Sources */,
				3B623E9D20B6B9AF000302C0 /* SideMenuRouter.swift in Sources */,
				3B48A9C420B2B27F00E0BDA1 /* University.swift in Sources */,
				AF9F0FD41DF1A91300FF8EC5 /* HomeViewController.swift in Sources */,
				844BC37B208AF8FE00666486 /* SignUpViewController.swift in Sources */,
				3B66DDC420C0D752009944D1 /* DetailPostViewModel.swift in Sources */,
				84C4DED02095931600FD6BFD /* SideTableViewCell.swift in Sources */,
				3BBE8D2020D1162800634B2F /* Category.swift in Sources */,
				8421B2CE2086D6CE00CBF4E3 /* UIKit+Extensions.swift in Sources */,
				84A1BFCE208C8D8400D0ADC7 /* HeaderLabel.swift in Sources */,
				3B1CBD0320AA9EB60018D156 /* SelectMajorViewController.swift in Sources */,
			);
			runOnlyForDeploymentPostprocessing = 0;
		};
/* End PBXSourcesBuildPhase section */

/* Begin PBXVariantGroup section */
		AFA7EC711DEEDEDC00138AEE /* Main.storyboard */ = {
			isa = PBXVariantGroup;
			children = (
				AFA7EC721DEEDEDC00138AEE /* Base */,
			);
			name = Main.storyboard;
			sourceTree = "<group>";
		};
		AFA7EC761DEEDEDC00138AEE /* LaunchScreen.storyboard */ = {
			isa = PBXVariantGroup;
			children = (
				AFA7EC771DEEDEDC00138AEE /* Base */,
			);
			name = LaunchScreen.storyboard;
			sourceTree = "<group>";
		};
/* End PBXVariantGroup section */

/* Begin XCBuildConfiguration section */
		AFA7EC7A1DEEDEDC00138AEE /* Debug */ = {
			isa = XCBuildConfiguration;
			buildSettings = {
				ALWAYS_SEARCH_USER_PATHS = NO;
				CLANG_ANALYZER_NONNULL = YES;
				CLANG_CXX_LANGUAGE_STANDARD = "gnu++0x";
				CLANG_CXX_LIBRARY = "libc++";
				CLANG_ENABLE_MODULES = YES;
				CLANG_ENABLE_OBJC_ARC = YES;
				CLANG_WARN_BOOL_CONVERSION = YES;
				CLANG_WARN_CONSTANT_CONVERSION = YES;
				CLANG_WARN_DIRECT_OBJC_ISA_USAGE = YES_ERROR;
				CLANG_WARN_DOCUMENTATION_COMMENTS = YES;
				CLANG_WARN_EMPTY_BODY = YES;
				CLANG_WARN_ENUM_CONVERSION = YES;
				CLANG_WARN_INFINITE_RECURSION = YES;
				CLANG_WARN_INT_CONVERSION = YES;
				CLANG_WARN_OBJC_ROOT_CLASS = YES_ERROR;
				CLANG_WARN_SUSPICIOUS_MOVES = YES;
				CLANG_WARN_UNREACHABLE_CODE = YES;
				CLANG_WARN__DUPLICATE_METHOD_MATCH = YES;
				"CODE_SIGN_IDENTITY[sdk=iphoneos*]" = "iPhone Developer";
				COPY_PHASE_STRIP = NO;
				DEBUG_INFORMATION_FORMAT = dwarf;
				ENABLE_STRICT_OBJC_MSGSEND = YES;
				ENABLE_TESTABILITY = YES;
				GCC_C_LANGUAGE_STANDARD = gnu99;
				GCC_DYNAMIC_NO_PIC = NO;
				GCC_NO_COMMON_BLOCKS = YES;
				GCC_OPTIMIZATION_LEVEL = 0;
				GCC_PREPROCESSOR_DEFINITIONS = (
					"DEBUG=1",
					"$(inherited)",
				);
				GCC_WARN_64_TO_32_BIT_CONVERSION = YES;
				GCC_WARN_ABOUT_RETURN_TYPE = YES_ERROR;
				GCC_WARN_UNDECLARED_SELECTOR = YES;
				GCC_WARN_UNINITIALIZED_AUTOS = YES_AGGRESSIVE;
				GCC_WARN_UNUSED_FUNCTION = YES;
				GCC_WARN_UNUSED_VARIABLE = YES;
				IPHONEOS_DEPLOYMENT_TARGET = 10.1;
				MTL_ENABLE_DEBUG_INFO = YES;
				ONLY_ACTIVE_ARCH = YES;
				SDKROOT = iphoneos;
				SWIFT_ACTIVE_COMPILATION_CONDITIONS = DEBUG;
				SWIFT_OPTIMIZATION_LEVEL = "-Onone";
			};
			name = Debug;
		};
		AFA7EC7B1DEEDEDC00138AEE /* Release */ = {
			isa = XCBuildConfiguration;
			buildSettings = {
				ALWAYS_SEARCH_USER_PATHS = NO;
				CLANG_ANALYZER_NONNULL = YES;
				CLANG_CXX_LANGUAGE_STANDARD = "gnu++0x";
				CLANG_CXX_LIBRARY = "libc++";
				CLANG_ENABLE_MODULES = YES;
				CLANG_ENABLE_OBJC_ARC = YES;
				CLANG_WARN_BOOL_CONVERSION = YES;
				CLANG_WARN_CONSTANT_CONVERSION = YES;
				CLANG_WARN_DIRECT_OBJC_ISA_USAGE = YES_ERROR;
				CLANG_WARN_DOCUMENTATION_COMMENTS = YES;
				CLANG_WARN_EMPTY_BODY = YES;
				CLANG_WARN_ENUM_CONVERSION = YES;
				CLANG_WARN_INFINITE_RECURSION = YES;
				CLANG_WARN_INT_CONVERSION = YES;
				CLANG_WARN_OBJC_ROOT_CLASS = YES_ERROR;
				CLANG_WARN_SUSPICIOUS_MOVES = YES;
				CLANG_WARN_UNREACHABLE_CODE = YES;
				CLANG_WARN__DUPLICATE_METHOD_MATCH = YES;
				"CODE_SIGN_IDENTITY[sdk=iphoneos*]" = "iPhone Developer";
				COPY_PHASE_STRIP = NO;
				DEBUG_INFORMATION_FORMAT = "dwarf-with-dsym";
				ENABLE_NS_ASSERTIONS = NO;
				ENABLE_STRICT_OBJC_MSGSEND = YES;
				GCC_C_LANGUAGE_STANDARD = gnu99;
				GCC_NO_COMMON_BLOCKS = YES;
				GCC_WARN_64_TO_32_BIT_CONVERSION = YES;
				GCC_WARN_ABOUT_RETURN_TYPE = YES_ERROR;
				GCC_WARN_UNDECLARED_SELECTOR = YES;
				GCC_WARN_UNINITIALIZED_AUTOS = YES_AGGRESSIVE;
				GCC_WARN_UNUSED_FUNCTION = YES;
				GCC_WARN_UNUSED_VARIABLE = YES;
				IPHONEOS_DEPLOYMENT_TARGET = 10.1;
				MTL_ENABLE_DEBUG_INFO = NO;
				SDKROOT = iphoneos;
				SWIFT_OPTIMIZATION_LEVEL = "-Owholemodule";
				VALIDATE_PRODUCT = YES;
			};
			name = Release;
		};
		AFA7EC7D1DEEDEDC00138AEE /* Debug */ = {
			isa = XCBuildConfiguration;
			baseConfigurationReference = 08F076F0908B7F9506698A2F /* Pods-Buzzler.debug.xcconfig */;
			buildSettings = {
				ASSETCATALOG_COMPILER_APPICON_NAME = AppIcon;
				DEVELOPMENT_TEAM = WUBZLP5JM2;
				INFOPLIST_FILE = Buzzler/Info.plist;
				IPHONEOS_DEPLOYMENT_TARGET = 10.0;
				LD_RUNPATH_SEARCH_PATHS = "$(inherited) @executable_path/Frameworks";
				PRODUCT_BUNDLE_IDENTIFIER = com.failnicely.buzzler;
				PRODUCT_NAME = "$(TARGET_NAME)";
				REEXPORTED_FRAMEWORK_NAMES = "";
				SWIFT_OBJC_BRIDGING_HEADER = "";
				SWIFT_VERSION = 3.0;
			};
			name = Debug;
		};
		AFA7EC7E1DEEDEDC00138AEE /* Release */ = {
			isa = XCBuildConfiguration;
			baseConfigurationReference = 818CD01BBF863A2454C8724C /* Pods-Buzzler.release.xcconfig */;
			buildSettings = {
				ASSETCATALOG_COMPILER_APPICON_NAME = AppIcon;
				DEVELOPMENT_TEAM = WUBZLP5JM2;
				INFOPLIST_FILE = Buzzler/Info.plist;
				IPHONEOS_DEPLOYMENT_TARGET = 10.0;
				LD_RUNPATH_SEARCH_PATHS = "$(inherited) @executable_path/Frameworks";
				PRODUCT_BUNDLE_IDENTIFIER = com.failnicely.buzzler;
				PRODUCT_NAME = "$(TARGET_NAME)";
				REEXPORTED_FRAMEWORK_NAMES = "";
				SWIFT_OBJC_BRIDGING_HEADER = "";
				SWIFT_VERSION = 3.0;
			};
			name = Release;
		};
/* End XCBuildConfiguration section */

/* Begin XCConfigurationList section */
		AFA7EC651DEEDEDC00138AEE /* Build configuration list for PBXProject "Buzzler" */ = {
			isa = XCConfigurationList;
			buildConfigurations = (
				AFA7EC7A1DEEDEDC00138AEE /* Debug */,
				AFA7EC7B1DEEDEDC00138AEE /* Release */,
			);
			defaultConfigurationIsVisible = 0;
			defaultConfigurationName = Release;
		};
		AFA7EC7C1DEEDEDC00138AEE /* Build configuration list for PBXNativeTarget "Buzzler" */ = {
			isa = XCConfigurationList;
			buildConfigurations = (
				AFA7EC7D1DEEDEDC00138AEE /* Debug */,
				AFA7EC7E1DEEDEDC00138AEE /* Release */,
			);
			defaultConfigurationIsVisible = 0;
			defaultConfigurationName = Release;
		};
/* End XCConfigurationList section */
	};
	rootObject = AFA7EC621DEEDEDC00138AEE /* Project object */;
}
